
Microsoft Visual Studio Solution File, Format Version 11.00
# Visual Studio 2010
Project("{8BC9CEB8-8B4A-11D0-8D11-00A0C91BC942}") = "program_options", "program_options\program_options.vcxproj", "{1F6F0731-1D93-497B-AACD-4AD33D2B58D4}"
EndProject
Project("{2150E333-8FDC-42A3-9474-1A3956D46DE8}") = "Solution Items", "Solution Items", "{ED4B6590-A684-4047-A9C5-2603241FAD17}"
	ProjectSection(SolutionItems) = preProject
		conv_macro\conv_macro.h = conv_macro\conv_macro.h
	EndProjectSection
EndProject
Global
	GlobalSection(SolutionConfigurationPlatforms) = preSolution
		Debug|Win32 = Debug|Win32
		Release|Win32 = Release|Win32
	EndGlobalSection
	GlobalSection(ProjectConfigurationPlatforms) = postSolution
		{1F6F0731-1D93-497B-AACD-4AD33D2B58D4}.Debug|Win32.ActiveCfg = Debug|Win32
		{1F6F0731-1D93-497B-AACD-4AD33D2B58D4}.Debug|Win32.Build.0 = Debug|Win32
		{1F6F0731-1D93-497B-AACD-4AD33D2B58D4}.Release|Win32.ActiveCfg = Release|Win32
		{1F6F0731-1D93-497B-AACD-4AD33D2B58D4}.Release|Win32.Build.0 = Release|Win32
	EndGlobalSection
	GlobalSection(SolutionProperties) = preSolution
		HideSolutionNode = FALSE
	EndGlobalSection
EndGlobal
